# This file is automatically @generated by Cargo.
# It is not intended for manual editing.
version = 3

[[package]]
name = "libc"
version = "0.2.137"
source = "registry+https://github.com/rust-lang/crates.io-index"
checksum = "fc7fcc620a3bff7cdd7a365be3376c97191aeaccc2a603e600951e452615bf89"

[[package]]
name = "online_judge"
version = "0.1.0"
dependencies = [
 "libc",
 "seccompiler",
]

[[package]]
name = "seccompiler"
version = "0.3.0"
source = "registry+https://github.com/rust-lang/crates.io-index"
checksum = "6f6575e3c2b3a0fe2ef3e53855b6a8dead7c29f783da5e123d378c8c6a89017e"
dependencies = [
 "libc",
]
